
Microsoft Visual Studio Solution File, Format Version 12.00
# Visual Studio Version 17
VisualStudioVersion = 17.0.31903.59
MinimumVisualStudioVersion = 10.0.40219.1
Project("{2150E333-8FDC-42A3-9474-1A3956D46DE8}") = "src", "src", "{EADB0F3A-285E-4375-B933-CD6B9BC358DF}"
EndProject
Project("{FAE04EC0-301F-11D3-BF4B-00C04F79EFBC}") = "ChessOfCards.Infrastructure", "src\ChessOfCards.Infrastructure\ChessOfCards.Infrastructure.csproj", "{15DEC975-9946-4417-BDD5-6B34E97D0868}"
EndProject
Project("{FAE04EC0-301F-11D3-BF4B-00C04F79EFBC}") = "ChessOfCards.ConnectionHandler", "src\ChessOfCards.ConnectionHandler\ChessOfCards.ConnectionHandler.csproj", "{16A68FD6-E733-4F6E-A760-9E65A84ACD37}"
EndProject
Project("{FAE04EC0-301F-11D3-BF4B-00C04F79EFBC}") = "ChessOfCards.GameActionHandler", "src\ChessOfCards.GameActionHandler\ChessOfCards.GameActionHandler.csproj", "{6F277926-5B79-46D3-A614-E70E29B7F036}"
EndProject
Project("{FAE04EC0-301F-11D3-BF4B-00C04F79EFBC}") = "ChessOfCards.GameActionHandler.Application", "src\ChessOfCards.GameActionHandler.Application\ChessOfCards.GameActionHandler.Application.csproj", "{C78582A8-75AA-427E-8DB1-29AA96E46B88}"
EndProject
Project("{FAE04EC0-301F-11D3-BF4B-00C04F79EFBC}") = "ChessOfCards.Shared.Utilities", "src\ChessOfCards.Shared.Utilities\ChessOfCards.Shared.Utilities.csproj", "{88EDBB80-96A3-44DB-83CC-5BD0F9220E15}"
EndProject
Project("{2150E333-8FDC-42A3-9474-1A3956D46DE8}") = "tests", "tests", "{9CCDE103-6B39-4543-90E4-D47EF0E2C323}"
EndProject
Project("{FAE04EC0-301F-11D3-BF4B-00C04F79EFBC}") = "ChessOfCards.ConnectionHandler.Tests", "tests\ChessOfCards.ConnectionHandler.Tests\ChessOfCards.ConnectionHandler.Tests.csproj", "{B647DEC3-3849-4991-90FA-4DD00BB75449}"
EndProject
Project("{FAE04EC0-301F-11D3-BF4B-00C04F79EFBC}") = "ChessOfCards.Shared.Utilities.Tests", "tests\ChessOfCards.Shared.Utilities.Tests\ChessOfCards.Shared.Utilities.Tests.csproj", "{E65F6313-F6E0-450A-AFEB-6F7E2339081D}"
EndProject
Project("{FAE04EC0-301F-11D3-BF4B-00C04F79EFBC}") = "ChessOfCards.Infrastructure.Tests", "tests\ChessOfCards.Infrastructure.Tests\ChessOfCards.Infrastructure.Tests.csproj", "{0D128FAF-B693-4DDA-97E8-D3D41CAD4CB9}"
EndProject
Project("{FAE04EC0-301F-11D3-BF4B-00C04F79EFBC}") = "ChessOfCards.Domain", "src\ChessOfCards.Domain\ChessOfCards.Domain.csproj", "{45DE9294-A9D9-49A6-A9DF-495B7E65FEB4}"
EndProject
Global
	GlobalSection(SolutionConfigurationPlatforms) = preSolution
		Debug|Any CPU = Debug|Any CPU
		Release|Any CPU = Release|Any CPU
	EndGlobalSection
	GlobalSection(SolutionProperties) = preSolution
		HideSolutionNode = FALSE
	EndGlobalSection
	GlobalSection(ProjectConfigurationPlatforms) = postSolution
		{15DEC975-9946-4417-BDD5-6B34E97D0868}.Debug|Any CPU.ActiveCfg = Debug|Any CPU
		{15DEC975-9946-4417-BDD5-6B34E97D0868}.Debug|Any CPU.Build.0 = Debug|Any CPU
		{15DEC975-9946-4417-BDD5-6B34E97D0868}.Release|Any CPU.ActiveCfg = Release|Any CPU
		{15DEC975-9946-4417-BDD5-6B34E97D0868}.Release|Any CPU.Build.0 = Release|Any CPU
		{16A68FD6-E733-4F6E-A760-9E65A84ACD37}.Debug|Any CPU.ActiveCfg = Debug|Any CPU
		{16A68FD6-E733-4F6E-A760-9E65A84ACD37}.Debug|Any CPU.Build.0 = Debug|Any CPU
		{16A68FD6-E733-4F6E-A760-9E65A84ACD37}.Release|Any CPU.ActiveCfg = Release|Any CPU
		{16A68FD6-E733-4F6E-A760-9E65A84ACD37}.Release|Any CPU.Build.0 = Release|Any CPU
		{6F277926-5B79-46D3-A614-E70E29B7F036}.Debug|Any CPU.ActiveCfg = Debug|Any CPU
		{6F277926-5B79-46D3-A614-E70E29B7F036}.Debug|Any CPU.Build.0 = Debug|Any CPU
		{6F277926-5B79-46D3-A614-E70E29B7F036}.Release|Any CPU.ActiveCfg = Release|Any CPU
		{6F277926-5B79-46D3-A614-E70E29B7F036}.Release|Any CPU.Build.0 = Release|Any CPU
		{C78582A8-75AA-427E-8DB1-29AA96E46B88}.Debug|Any CPU.ActiveCfg = Debug|Any CPU
		{C78582A8-75AA-427E-8DB1-29AA96E46B88}.Debug|Any CPU.Build.0 = Debug|Any CPU
		{C78582A8-75AA-427E-8DB1-29AA96E46B88}.Release|Any CPU.ActiveCfg = Release|Any CPU
		{C78582A8-75AA-427E-8DB1-29AA96E46B88}.Release|Any CPU.Build.0 = Release|Any CPU
		{88EDBB80-96A3-44DB-83CC-5BD0F9220E15}.Debug|Any CPU.ActiveCfg = Debug|Any CPU
		{88EDBB80-96A3-44DB-83CC-5BD0F9220E15}.Debug|Any CPU.Build.0 = Debug|Any CPU
		{88EDBB80-96A3-44DB-83CC-5BD0F9220E15}.Release|Any CPU.ActiveCfg = Release|Any CPU
		{88EDBB80-96A3-44DB-83CC-5BD0F9220E15}.Release|Any CPU.Build.0 = Release|Any CPU
		{B647DEC3-3849-4991-90FA-4DD00BB75449}.Debug|Any CPU.ActiveCfg = Debug|Any CPU
		{B647DEC3-3849-4991-90FA-4DD00BB75449}.Debug|Any CPU.Build.0 = Debug|Any CPU
		{B647DEC3-3849-4991-90FA-4DD00BB75449}.Release|Any CPU.ActiveCfg = Release|Any CPU
		{B647DEC3-3849-4991-90FA-4DD00BB75449}.Release|Any CPU.Build.0 = Release|Any CPU
		{E65F6313-F6E0-450A-AFEB-6F7E2339081D}.Debug|Any CPU.ActiveCfg = Debug|Any CPU
		{E65F6313-F6E0-450A-AFEB-6F7E2339081D}.Debug|Any CPU.Build.0 = Debug|Any CPU
		{E65F6313-F6E0-450A-AFEB-6F7E2339081D}.Release|Any CPU.ActiveCfg = Release|Any CPU
		{E65F6313-F6E0-450A-AFEB-6F7E2339081D}.Release|Any CPU.Build.0 = Release|Any CPU
		{0D128FAF-B693-4DDA-97E8-D3D41CAD4CB9}.Debug|Any CPU.ActiveCfg = Debug|Any CPU
		{0D128FAF-B693-4DDA-97E8-D3D41CAD4CB9}.Debug|Any CPU.Build.0 = Debug|Any CPU
		{0D128FAF-B693-4DDA-97E8-D3D41CAD4CB9}.Release|Any CPU.ActiveCfg = Release|Any CPU
		{0D128FAF-B693-4DDA-97E8-D3D41CAD4CB9}.Release|Any CPU.Build.0 = Release|Any CPU
		{45DE9294-A9D9-49A6-A9DF-495B7E65FEB4}.Debug|Any CPU.ActiveCfg = Debug|Any CPU
		{45DE9294-A9D9-49A6-A9DF-495B7E65FEB4}.Debug|Any CPU.Build.0 = Debug|Any CPU
		{45DE9294-A9D9-49A6-A9DF-495B7E65FEB4}.Release|Any CPU.ActiveCfg = Release|Any CPU
		{45DE9294-A9D9-49A6-A9DF-495B7E65FEB4}.Release|Any CPU.Build.0 = Release|Any CPU
	EndGlobalSection
	GlobalSection(NestedProjects) = preSolution
		{15DEC975-9946-4417-BDD5-6B34E97D0868} = {EADB0F3A-285E-4375-B933-CD6B9BC358DF}
		{16A68FD6-E733-4F6E-A760-9E65A84ACD37} = {EADB0F3A-285E-4375-B933-CD6B9BC358DF}
		{6F277926-5B79-46D3-A614-E70E29B7F036} = {EADB0F3A-285E-4375-B933-CD6B9BC358DF}
		{C78582A8-75AA-427E-8DB1-29AA96E46B88} = {EADB0F3A-285E-4375-B933-CD6B9BC358DF}
		{88EDBB80-96A3-44DB-83CC-5BD0F9220E15} = {EADB0F3A-285E-4375-B933-CD6B9BC358DF}
		{B647DEC3-3849-4991-90FA-4DD00BB75449} = {9CCDE103-6B39-4543-90E4-D47EF0E2C323}
		{E65F6313-F6E0-450A-AFEB-6F7E2339081D} = {9CCDE103-6B39-4543-90E4-D47EF0E2C323}
		{0D128FAF-B693-4DDA-97E8-D3D41CAD4CB9} = {9CCDE103-6B39-4543-90E4-D47EF0E2C323}
		{45DE9294-A9D9-49A6-A9DF-495B7E65FEB4} = {EADB0F3A-285E-4375-B933-CD6B9BC358DF}
	EndGlobalSection
EndGlobal
